
Microsoft Visual Studio Solution File, Format Version 12.00
# Visual Studio Version 17
VisualStudioVersion = 17.0.31903.59
MinimumVisualStudioVersion = 10.0.40219.1
Project("{FAE04EC0-301F-11D3-BF4B-00C04F79EFBC}") = "AiCalendar.Api", "AiCalendar.Api\AiCalendar.Api.csproj", "{C7B84648-962C-4752-8DB2-2802399F3696}"
EndProject
Project("{FAE04EC0-301F-11D3-BF4B-00C04F79EFBC}") = "AiCalendar.Domain", "AiCalendar.Domain\AiCalendar.Domain.csproj", "{8AD478BE-70A4-40DC-9951-C2C039B72037}"
EndProject
Project("{FAE04EC0-301F-11D3-BF4B-00C04F79EFBC}") = "AiCalendar.Data", "AiCalendar.Data\AiCalendar.Data.csproj", "{2EAE0AA6-AAAF-4E66-9CED-56A3D523FBCA}"
EndProject
Global
	GlobalSection(SolutionConfigurationPlatforms) = preSolution
		Debug|Any CPU = Debug|Any CPU
		Debug|x64 = Debug|x64
		Debug|x86 = Debug|x86
		Release|Any CPU = Release|Any CPU
		Release|x64 = Release|x64
		Release|x86 = Release|x86
	EndGlobalSection
	GlobalSection(ProjectConfigurationPlatforms) = postSolution
		{C7B84648-962C-4752-8DB2-2802399F3696}.Debug|Any CPU.ActiveCfg = Debug|Any CPU
		{C7B84648-962C-4752-8DB2-2802399F3696}.Debug|Any CPU.Build.0 = Debug|Any CPU
		{C7B84648-962C-4752-8DB2-2802399F3696}.Debug|x64.ActiveCfg = Debug|Any CPU
		{C7B84648-962C-4752-8DB2-2802399F3696}.Debug|x64.Build.0 = Debug|Any CPU
		{C7B84648-962C-4752-8DB2-2802399F3696}.Debug|x86.ActiveCfg = Debug|Any CPU
		{C7B84648-962C-4752-8DB2-2802399F3696}.Debug|x86.Build.0 = Debug|Any CPU
		{C7B84648-962C-4752-8DB2-2802399F3696}.Release|Any CPU.ActiveCfg = Release|Any CPU
		{C7B84648-962C-4752-8DB2-2802399F3696}.Release|Any CPU.Build.0 = Release|Any CPU
		{C7B84648-962C-4752-8DB2-2802399F3696}.Release|x64.ActiveCfg = Release|Any CPU
		{C7B84648-962C-4752-8DB2-2802399F3696}.Release|x64.Build.0 = Release|Any CPU
		{C7B84648-962C-4752-8DB2-2802399F3696}.Release|x86.ActiveCfg = Release|Any CPU
		{C7B84648-962C-4752-8DB2-2802399F3696}.Release|x86.Build.0 = Release|Any CPU
		{8AD478BE-70A4-40DC-9951-C2C039B72037}.Debug|Any CPU.ActiveCfg = Debug|Any CPU
		{8AD478BE-70A4-40DC-9951-C2C039B72037}.Debug|Any CPU.Build.0 = Debug|Any CPU
		{8AD478BE-70A4-40DC-9951-C2C039B72037}.Debug|x64.ActiveCfg = Debug|Any CPU
		{8AD478BE-70A4-40DC-9951-C2C039B72037}.Debug|x64.Build.0 = Debug|Any CPU
		{8AD478BE-70A4-40DC-9951-C2C039B72037}.Debug|x86.ActiveCfg = Debug|Any CPU
		{8AD478BE-70A4-40DC-9951-C2C039B72037}.Debug|x86.Build.0 = Debug|Any CPU
		{8AD478BE-70A4-40DC-9951-C2C039B72037}.Release|Any CPU.ActiveCfg = Release|Any CPU
		{8AD478BE-70A4-40DC-9951-C2C039B72037}.Release|Any CPU.Build.0 = Release|Any CPU
		{8AD478BE-70A4-40DC-9951-C2C039B72037}.Release|x64.ActiveCfg = Release|Any CPU
		{8AD478BE-70A4-40DC-9951-C2C039B72037}.Release|x64.Build.0 = Release|Any CPU
		{8AD478BE-70A4-40DC-9951-C2C039B72037}.Release|x86.ActiveCfg = Release|Any CPU
		{8AD478BE-70A4-40DC-9951-C2C039B72037}.Release|x86.Build.0 = Release|Any CPU
		{2EAE0AA6-AAAF-4E66-9CED-56A3D523FBCA}.Debug|Any CPU.ActiveCfg = Debug|Any CPU
		{2EAE0AA6-AAAF-4E66-9CED-56A3D523FBCA}.Debug|Any CPU.Build.0 = Debug|Any CPU
		{2EAE0AA6-AAAF-4E66-9CED-56A3D523FBCA}.Debug|x64.ActiveCfg = Debug|Any CPU
		{2EAE0AA6-AAAF-4E66-9CED-56A3D523FBCA}.Debug|x64.Build.0 = Debug|Any CPU
		{2EAE0AA6-AAAF-4E66-9CED-56A3D523FBCA}.Debug|x86.ActiveCfg = Debug|Any CPU
		{2EAE0AA6-AAAF-4E66-9CED-56A3D523FBCA}.Debug|x86.Build.0 = Debug|Any CPU
		{2EAE0AA6-AAAF-4E66-9CED-56A3D523FBCA}.Release|Any CPU.ActiveCfg = Release|Any CPU
		{2EAE0AA6-AAAF-4E66-9CED-56A3D523FBCA}.Release|Any CPU.Build.0 = Release|Any CPU
		{2EAE0AA6-AAAF-4E66-9CED-56A3D523FBCA}.Release|x64.ActiveCfg = Release|Any CPU
		{2EAE0AA6-AAAF-4E66-9CED-56A3D523FBCA}.Release|x64.Build.0 = Release|Any CPU
		{2EAE0AA6-AAAF-4E66-9CED-56A3D523FBCA}.Release|x86.ActiveCfg = Release|Any CPU
		{2EAE0AA6-AAAF-4E66-9CED-56A3D523FBCA}.Release|x86.Build.0 = Release|Any CPU
	EndGlobalSection
	GlobalSection(SolutionProperties) = preSolution
		HideSolutionNode = FALSE
	EndGlobalSection
EndGlobal
